
Microsoft Visual Studio Solution File, Format Version 12.00
# Visual Studio Version 17
VisualStudioVersion = 17.5.002.0
MinimumVisualStudioVersion = 10.0.40219.1
Project("{9A19103F-16F7-4668-BE54-9A1E7A4F7556}") = "Arindu", "Arindu.csproj", "{469EB54A-11EA-4AE9-82F5-D7452B51B241}"
EndProject
Global
	GlobalSection(SolutionConfigurationPlatforms) = preSolution
		Debug|Any CPU = Debug|Any CPU
		Release|Any CPU = Release|Any CPU
	EndGlobalSection
	GlobalSection(ProjectConfigurationPlatforms) = postSolution
		{469EB54A-11EA-4AE9-82F5-D7452B51B241}.Debug|Any CPU.ActiveCfg = Debug|Any CPU
		{469EB54A-11EA-4AE9-82F5-D7452B51B241}.Debug|Any CPU.Build.0 = Debug|Any CPU
		{469EB54A-11EA-4AE9-82F5-D7452B51B241}.Release|Any CPU.ActiveCfg = Release|Any CPU
		{469EB54A-11EA-4AE9-82F5-D7452B51B241}.Release|Any CPU.Build.0 = Release|Any CPU
	EndGlobalSection
	GlobalSection(SolutionProperties) = preSolution
		HideSolutionNode = FALSE
	EndGlobalSection
	GlobalSection(ExtensibilityGlobals) = postSolution
		SolutionGuid = {D0C17EA5-9508-4D57-9B27-0A8636C08919}
	EndGlobalSection
EndGlobal
